
Microsoft Visual Studio Solution File, Format Version 12.00
# Visual Studio Version 17
VisualStudioVersion = 17.9.34723.18
MinimumVisualStudioVersion = 10.0.40219.1
Project("{FAE04EC0-301F-11D3-BF4B-00C04F79EFBC}") = "APILogs", "APILogs.csproj", "{8560741D-B340-42C7-9541-D02755C115D0}"
EndProject
Global
	GlobalSection(SolutionConfigurationPlatforms) = preSolution
		Debug|Any CPU = Debug|Any CPU
		Release|Any CPU = Release|Any CPU
	EndGlobalSection
	GlobalSection(ProjectConfigurationPlatforms) = postSolution
		{8560741D-B340-42C7-9541-D02755C115D0}.Debug|Any CPU.ActiveCfg = Debug|Any CPU
		{8560741D-B340-42C7-9541-D02755C115D0}.Debug|Any CPU.Build.0 = Debug|Any CPU
		{8560741D-B340-42C7-9541-D02755C115D0}.Release|Any CPU.ActiveCfg = Release|Any CPU
		{8560741D-B340-42C7-9541-D02755C115D0}.Release|Any CPU.Build.0 = Release|Any CPU
	EndGlobalSection
	GlobalSection(SolutionProperties) = preSolution
		HideSolutionNode = FALSE
	EndGlobalSection
	GlobalSection(ExtensibilityGlobals) = postSolution
		SolutionGuid = {50A0DFAD-C69F-47AA-A0EE-F7638974C0E3}
	EndGlobalSection
EndGlobal
